{
  "version": "2",
  "remote": {
    "https://deno.land/std@0.109.0/_util/assert.ts": "2f868145a042a11d5ad0a3c748dcf580add8a0dbc0e876eaa0026303a5488f58",
    "https://deno.land/std@0.109.0/_util/os.ts": "dfb186cc4e968c770ab6cc3288bd65f4871be03b93beecae57d657232ecffcac",
    "https://deno.land/std@0.109.0/async/deadline.ts": "1d6ac7aeaee22f75eb86e4e105d6161118aad7b41ae2dd14f4cfd3bf97472b93",
    "https://deno.land/std@0.109.0/async/debounce.ts": "b2f693e4baa16b62793fd618de6c003b63228db50ecfe3bd51fc5f6dc0bc264b",
    "https://deno.land/std@0.109.0/async/deferred.ts": "ab60d46ba561abb3b13c0c8085d05797a384b9f182935f051dc67136817acdee",
    "https://deno.land/std@0.109.0/async/delay.ts": "db68b7c22518ea9805be110cdc914017d741894d2bececf4d78607fd2f0548e7",
    "https://deno.land/std@0.109.0/async/mod.ts": "78425176fabea7bd1046ce3819fd69ce40da85c83e0f174d17e8e224a91f7d10",
    "https://deno.land/std@0.109.0/async/mux_async_iterator.ts": "62abff3af9ff619e8f2adc96fc70d4ca020fa48a50c23c13f12d02ed2b760dbe",
    "https://deno.land/std@0.109.0/async/pool.ts": "353ce4f91865da203a097aa6f33de8966340c91b6f4a055611c8c5d534afd12f",
    "https://deno.land/std@0.109.0/async/tee.ts": "63811ea47268825db2b15e973dc5c37bab37b749ffa00d2b7bbb6c6f568412cb",
    "https://deno.land/std@0.109.0/bytes/mod.ts": "440684e07e8f57a19a43b34d57eb63af0b36fc92b6657b6dcdbf9d5612d62e29",
    "https://deno.land/std@0.109.0/encoding/base64.ts": "eecae390f1f1d1cae6f6c6d732ede5276bf4b9cd29b1d281678c054dc5cc009e",
    "https://deno.land/std@0.109.0/encoding/hex.ts": "5bc7df19af498c315cdaba69e2fce1b2aef5fc57344e8c21c08991aa8505a260",
    "https://deno.land/std@0.109.0/fmt/colors.ts": "8368ddf2d48dfe413ffd04cdbb7ae6a1009cf0dccc9c7ff1d76259d9c61a0621",
    "https://deno.land/std@0.109.0/fs/exists.ts": "b0d2e31654819cc2a8d37df45d6b14686c0cc1d802e9ff09e902a63e98b85a00",
    "https://deno.land/std@0.109.0/io/buffer.ts": "3ead6bb11276ebcf093c403f74f67fd2205a515dbbb9061862c468ca56f37cd8",
    "https://deno.land/std@0.109.0/io/types.d.ts": "89a27569399d380246ca7cdd9e14d5e68459f11fb6110790cc5ecbd4ee7f3215",
    "https://deno.land/std@0.109.0/io/util.ts": "85c33d61b20fd706acc094fe80d4c8ae618b04abcf3a96ca2b47071842c1c8ac",
    "https://deno.land/std@0.109.0/node/_errors.ts": "74d1e7c7aad0f4a04df20be1f25f8a0a1d39483a75daabefa2cb285b0090e6e5",
    "https://deno.land/std@0.109.0/node/_fs/_fs_access.ts": "7cbbfd1309e47983065dc7f186fd128eea0854c6693d58b39be2fd0f4de8d0c0",
    "https://deno.land/std@0.109.0/node/_fs/_fs_appendFile.ts": "bd802989a76d2e87a92034cbbbf6ad3154bf925b68e1a0a43772b3f4fc2a3728",
    "https://deno.land/std@0.109.0/node/_fs/_fs_chmod.ts": "101ea1cfc63b518f7434357e6e559c163b86c836826e87273ad4fbdd17153c6d",
    "https://deno.land/std@0.109.0/node/_fs/_fs_chown.ts": "d314d0b3c33422c980e8b8d2abe95433d5d3ec6e0699b53de6e03c13bb37769e",
    "https://deno.land/std@0.109.0/node/_fs/_fs_close.ts": "6a175fef187fa06ad7fd3c82a7a44410f947f5d20ec6673f871d4d327d98753e",
    "https://deno.land/std@0.109.0/node/_fs/_fs_common.ts": "45f0b63e864d24c6c6c492a931e6b794f61ed125157e8f74282350557ec7e971",
    "https://deno.land/std@0.109.0/node/_fs/_fs_constants.ts": "20e2d62e5c5bc1f94b68c14d686c0f61a683d405f31523456b863bb525c9cdee",
    "https://deno.land/std@0.109.0/node/_fs/_fs_copy.ts": "ce349beecec9f833e8cbe02eaa6c79119cbdbe788093c2b9543ce4d865f2b941",
    "https://deno.land/std@0.109.0/node/_fs/_fs_dir.ts": "b122324330d4d754a595618986039a2841f9551c16a20be21e93f371cc8e65ce",
    "https://deno.land/std@0.109.0/node/_fs/_fs_dirent.ts": "c9f585db140749426bcbcd735801198e7c517d654cd72795a20dfa349e4bac05",
    "https://deno.land/std@0.109.0/node/_fs/_fs_exists.ts": "ec185609b68149e259d4fb1d7872e70bb2f9aff135236a3c2e14109e579393cc",
    "https://deno.land/std@0.109.0/node/_fs/_fs_fdatasync.ts": "a62e70004a0f9c2f49e369b44a9ff788bb13d7b8160c61cec942e5dc42da4181",
    "https://deno.land/std@0.109.0/node/_fs/_fs_fstat.ts": "6e2280db419a521dd3ea4525982c02f84677493561d1bcbaa271abadc8e7f844",
    "https://deno.land/std@0.109.0/node/_fs/_fs_fsync.ts": "c68c74966342d5a98437036a634359ac6feab85f114310892f14553c02fad5d4",
    "https://deno.land/std@0.109.0/node/_fs/_fs_ftruncate.ts": "2964fe380c60db9e802a9ae65c72cbfee8d710abd0e078afbcfc2e0cc442599c",
    "https://deno.land/std@0.109.0/node/_fs/_fs_futimes.ts": "88c1e0d7b4012bcee23f586b2b7282ac21725824f3961ffa235d96501afcb65f",
    "https://deno.land/std@0.109.0/node/_fs/_fs_link.ts": "93c8997574a6f42aa2699012236b53f7ee2105400c207e0b8156dce04772ab81",
    "https://deno.land/std@0.109.0/node/_fs/_fs_lstat.ts": "3d81117febd0abcab4e92ecbe70885179f62d10d09608d8ac6acfb7c2db34290",
    "https://deno.land/std@0.109.0/node/_fs/_fs_mkdir.ts": "a98590e4a07416e4d7af1342d062b9c8e01997e6f047ed95411ef1215aa154b3",
    "https://deno.land/std@0.109.0/node/_fs/_fs_mkdtemp.ts": "683c0e0fbe2583c318b2d67cd986cf55f8f7410199537edb76f3af0ec8b54a80",
    "https://deno.land/std@0.109.0/node/_fs/_fs_open.ts": "6a08a3e5edf17f49589fa34223d2ea62193ea1e17392f4e84bfa49fc9d0ca532",
    "https://deno.land/std@0.109.0/node/_fs/_fs_readFile.ts": "aa972cc3a6a13ddad8e7319c3908d089be56136ef11e2a8b8bfb48cfc368fde3",
    "https://deno.land/std@0.109.0/node/_fs/_fs_readdir.ts": "d3b0c2b3d3b243e63f0c8df5294252edbb6a732c07f540044af3e89d6d75245f",
    "https://deno.land/std@0.109.0/node/_fs/_fs_readlink.ts": "919df3481f3e339cfb153e899941fe93d4284287794fed3d92f071a055d473e9",
    "https://deno.land/std@0.109.0/node/_fs/_fs_realpath.ts": "9dad0fe43e8c4cda6953bc297cd605c9647162e4a9d29cf91e435d96a741d8e1",
    "https://deno.land/std@0.109.0/node/_fs/_fs_rename.ts": "98852b8f576e2bbdaede8b85abf8c459c3d0b50d8f6c8aff030a72f20ed26710",
    "https://deno.land/std@0.109.0/node/_fs/_fs_rmdir.ts": "89458f749b97bf2e23e485cba09fbb18f57041141e1cbbcfa9e44bde75953e51",
    "https://deno.land/std@0.109.0/node/_fs/_fs_stat.ts": "71c770228b0f6eb0bfa8b5db88e0313940f57fa3e5dccfbf46d8bd838d1a9497",
    "https://deno.land/std@0.109.0/node/_fs/_fs_symlink.ts": "174e41dbb2dbd0af79ba6460f3ab849c48099b8e824beed7c7f7c5d6d616b36d",
    "https://deno.land/std@0.109.0/node/_fs/_fs_truncate.ts": "fd016bc0b5ac236c4e88b326d0a9de0df6d56a512f20e927384fb4bd088d4e01",
    "https://deno.land/std@0.109.0/node/_fs/_fs_unlink.ts": "95cb6d81c647ac46826a86b9ebc8ebd8008fd99080dd36ddb62c5ddc54339c5f",
    "https://deno.land/std@0.109.0/node/_fs/_fs_utimes.ts": "5a87c6cb903f072a10a1917195e55f8673f4e1023964e16648e4146a778160e0",
    "https://deno.land/std@0.109.0/node/_fs/_fs_watch.ts": "7f7757775b6cdeb2e66bf5dbb5e1eb15e105fce4429eecd1026e1301e696babe",
    "https://deno.land/std@0.109.0/node/_fs/_fs_writeFile.ts": "6bf2646358e6e840353f1c1da184493121a1e57ab20e6ba6e8b1cf21574d4bf2",
    "https://deno.land/std@0.109.0/node/_util/_util_callbackify.ts": "947aa66d148c10e484c5c5e65ca4041cdd65085d7045fb26d388269a63c4d079",
    "https://deno.land/std@0.109.0/node/_util/_util_promisify.ts": "2ad6efe685f73443d5ed6ae009999789a8de4a0f01e6d2afdf242b4515477ee2",
    "https://deno.land/std@0.109.0/node/_util/_util_types.ts": "ae3d21e07c975f06590ab80bbde8173670d70ff40546267c0c1df869fc2ff00c",
    "https://deno.land/std@0.109.0/node/_utils.ts": "c32d3491e380488728d65ad471698ed0aadff7fe35bde0a26ba4dd8f434ed0e7",
    "https://deno.land/std@0.109.0/node/buffer.ts": "8128c5578810a937a1643c50b88a6b03e7c76d4239e3c9e5f49c1566e60ca626",
    "https://deno.land/std@0.109.0/node/events.ts": "f92ba300cb0a6efa4ff4d8a267a507ee725858d6a250a2eeb829ec99b21f90b1",
    "https://deno.land/std@0.109.0/node/fs.ts": "0f283d57d7d19b48845d80d9517c1a69c9b66cf29787ad1e182939e95c6a9c07",
    "https://deno.land/std@0.109.0/node/fs/promises.ts": "88258c223ef5774e8467e1b7707be8ebf490f62b024cb56cf2b4aae29a81a6dd",
    "https://deno.land/std@0.109.0/node/path.ts": "86b262d6957fba13d4f3d58a92ced49de4f40169d06542326b5547ff97257f0d",
    "https://deno.land/std@0.109.0/node/url.ts": "d2ea2b5d479c0a70404177840304dbe5bb77722c7bd2366ce7b6cd01ea1bef73",
    "https://deno.land/std@0.109.0/node/util.ts": "23878bd3ee67a52e67cfe5acb78c7ccce9c54735c6d280b069577605e8679935",
    "https://deno.land/std@0.109.0/path/_constants.ts": "1247fee4a79b70c89f23499691ef169b41b6ccf01887a0abd131009c5581b853",
    "https://deno.land/std@0.109.0/path/_interface.ts": "1fa73b02aaa24867e481a48492b44f2598cd9dfa513c7b34001437007d3642e4",
    "https://deno.land/std@0.109.0/path/_util.ts": "2e06a3b9e79beaf62687196bd4b60a4c391d862cfa007a20fc3a39f778ba073b",
    "https://deno.land/std@0.109.0/path/common.ts": "f41a38a0719a1e85aa11c6ba3bea5e37c15dd009d705bd8873f94c833568cbc4",
    "https://deno.land/std@0.109.0/path/glob.ts": "46708a3249cb5dc4a116cae3055114d6339bd5f0c1f412db6a4e0cb44c828a7d",
    "https://deno.land/std@0.109.0/path/mod.ts": "4465dc494f271b02569edbb4a18d727063b5dbd6ed84283ff906260970a15d12",
    "https://deno.land/std@0.109.0/path/posix.ts": "34349174b9cd121625a2810837a82dd8b986bbaaad5ade690d1de75bbb4555b2",
    "https://deno.land/std@0.109.0/path/separator.ts": "8fdcf289b1b76fd726a508f57d3370ca029ae6976fcde5044007f062e643ff1c",
    "https://deno.land/std@0.109.0/path/win32.ts": "2edb2f71f10578ee1168de01a8cbd3c65483e45a46bc2fa3156a0c6bfbd2720d",
    "https://deno.land/std@0.109.0/testing/_diff.ts": "ccd6c3af6e44c74bf1591acb1361995f5f50df64323a6e7fb3f16c8ea792c940",
    "https://deno.land/std@0.109.0/testing/asserts.ts": "6b0d6ba564bdff807bd0f0e93e02c48aa3177acf19416bf84a7f420191ef74cd",
    "https://deno.land/std@0.162.0/_util/assert.ts": "e94f2eb37cebd7f199952e242c77654e43333c1ac4c5c700e929ea3aa5489f74",
    "https://deno.land/std@0.162.0/_util/os.ts": "8a33345f74990e627b9dfe2de9b040004b08ea5146c7c9e8fe9a29070d193934",
    "https://deno.land/std@0.162.0/async/deferred.ts": "d8fb253ffde2a056e4889ef7e90f3928f28be9f9294b6505773d33f136aab4e6",
    "https://deno.land/std@0.162.0/bytes/bytes_list.ts": "aba5e2369e77d426b10af1de0dcc4531acecec27f9b9056f4f7bfbf8ac147ab4",
    "https://deno.land/std@0.162.0/bytes/equals.ts": "3c3558c3ae85526f84510aa2b48ab2ad7bdd899e2e0f5b7a8ffc85acb3a6043a",
    "https://deno.land/std@0.162.0/bytes/mod.ts": "b2e342fd3669176a27a4e15061e9d588b89c1aaf5008ab71766e23669565d179",
    "https://deno.land/std@0.162.0/crypto/_fnv/fnv32.ts": "aa9bddead8c6345087d3abd4ef35fb9655622afc333fc41fff382b36e64280b5",
    "https://deno.land/std@0.162.0/crypto/_fnv/fnv64.ts": "625d7e7505b6cb2e9801b5fd6ed0a89256bac12b2bbb3e4664b85a88b0ec5bef",
    "https://deno.land/std@0.162.0/crypto/_fnv/index.ts": "a8f6a361b4c6d54e5e89c16098f99b6962a1dd6ad1307dbc97fa1ecac5d7060a",
    "https://deno.land/std@0.162.0/crypto/_fnv/util.ts": "4848313bed7f00f55be3cb080aa0583fc007812ba965b03e4009665bde614ce3",
    "https://deno.land/std@0.162.0/crypto/_wasm_crypto/lib/deno_std_wasm_crypto.generated.mjs": "258b484c2da27578bec61c01d4b62c21f72268d928d03c968c4eb590cb3bd830",
    "https://deno.land/std@0.162.0/crypto/_wasm_crypto/mod.ts": "6c60d332716147ded0eece0861780678d51b560f533b27db2e15c64a4ef83665",
    "https://deno.land/std@0.162.0/crypto/keystack.ts": "e481eed28007395e554a435e880fee83a5c73b9259ed8a135a75e4b1e4f381f7",
    "https://deno.land/std@0.162.0/crypto/mod.ts": "e70623c956a5f70fa54605d44da961a6a886e8ffcfc9f763877db4eb1beeeef1",
    "https://deno.land/std@0.162.0/crypto/timing_safe_equal.ts": "82a29b737bc8932d75d7a20c404136089d5d23629e94ba14efa98a8cc066c73e",
    "https://deno.land/std@0.162.0/crypto/util.ts": "93fc9dbaa62421538ad60ee65337cbf1d8a0298fac3c4f70b37e5627e7e129eb",
    "https://deno.land/std@0.162.0/encoding/base64.ts": "c57868ca7fa2fbe919f57f88a623ad34e3d970d675bdc1ff3a9d02bba7409db2",
    "https://deno.land/std@0.162.0/encoding/base64url.ts": "a5f82a9fa703bd85a5eb8e7c1296bc6529e601ebd9642cc2b5eaa6b38fa9e05a",
    "https://deno.land/std@0.162.0/encoding/hex.ts": "4cc5324417cbb4ac9b828453d35aed45b9cc29506fad658f1f138d981ae33795",
    "https://deno.land/std@0.162.0/flags/mod.ts": "e35fbfc7e90db230f7a4a99bc2888c60d9ccbff415cb930350366a38b0de79c7",
    "https://deno.land/std@0.162.0/fmt/colors.ts": "9e36a716611dcd2e4865adea9c4bec916b5c60caad4cdcdc630d4974e6bb8bd4",
    "https://deno.land/std@0.162.0/fs/_util.ts": "fdc156f897197f261a1c096dcf8ff9267ed0ff42bd5b31f55053a4763a4bae3b",
    "https://deno.land/std@0.162.0/fs/copy.ts": "73bdf24f4322648d9bc38ef983b818637ba368351d17aa03644209d3ce3eac31",
    "https://deno.land/std@0.162.0/fs/empty_dir.ts": "c15a0aaaf40f8c21cca902aa1e01a789ad0c2fd1b7e2eecf4957053c5dbf707f",
    "https://deno.land/std@0.162.0/fs/ensure_dir.ts": "76395fc1c989ca8d2de3aedfa8240eb8f5225cde20f926de957995b063135b80",
    "https://deno.land/std@0.162.0/fs/ensure_file.ts": "b8e32ea63aa21221d0219760ba3f741f682d7f7d68d0d24a3ec067c338568152",
    "https://deno.land/std@0.162.0/fs/ensure_link.ts": "5cc1c04f18487d7d1edf4c5469705f30b61390ffd24ad7db6df85e7209b32bb2",
    "https://deno.land/std@0.162.0/fs/ensure_symlink.ts": "5273557b8c50be69477aa9cb003b54ff2240a336db52a40851c97abce76b96ab",
    "https://deno.land/std@0.162.0/fs/eol.ts": "65b1e27320c3eec6fb653b27e20056ee3d015d3e91db388cfefa41616ebc7cb3",
    "https://deno.land/std@0.162.0/fs/exists.ts": "6a447912e49eb79cc640adacfbf4b0baf8e17ede6d5bed057062ce33c4fa0d68",
    "https://deno.land/std@0.162.0/fs/expand_glob.ts": "d3f62aefc7718d878904d60d91e8e6dbbf86c696d32b6cbbc333637acf7f8571",
    "https://deno.land/std@0.162.0/fs/mod.ts": "354a6f972ef4e00c4dd1f1339a8828ef0764c1c23d3c0010af3fcc025d8655b0",
    "https://deno.land/std@0.162.0/fs/move.ts": "6d7fa9da60dbc7a32dd7fdbc2ff812b745861213c8e92ba96dace0669b0c378c",
    "https://deno.land/std@0.162.0/fs/walk.ts": "d96d4e5b6a3552e8304f28a0fd0b317b812298298449044f8de4932c869388a5",
    "https://deno.land/std@0.162.0/io/buffer.ts": "fae02290f52301c4e0188670e730cd902f9307fb732d79c4aa14ebdc82497289",
    "https://deno.land/std@0.162.0/io/types.d.ts": "107e1e64834c5ba917c783f446b407d33432c5d612c4b3430df64fc2b4ecf091",
    "https://deno.land/std@0.162.0/path/_constants.ts": "df1db3ffa6dd6d1252cc9617e5d72165cd2483df90e93833e13580687b6083c3",
    "https://deno.land/std@0.162.0/path/_interface.ts": "ee3b431a336b80cf445441109d089b70d87d5e248f4f90ff906820889ecf8d09",
    "https://deno.land/std@0.162.0/path/_util.ts": "d16be2a16e1204b65f9d0dfc54a9bc472cafe5f4a190b3c8471ec2016ccd1677",
    "https://deno.land/std@0.162.0/path/common.ts": "bee563630abd2d97f99d83c96c2fa0cca7cee103e8cb4e7699ec4d5db7bd2633",
    "https://deno.land/std@0.162.0/path/glob.ts": "cb5255638de1048973c3e69e420c77dc04f75755524cb3b2e160fe9277d939ee",
    "https://deno.land/std@0.162.0/path/mod.ts": "56fec03ad0ebd61b6ab39ddb9b0ddb4c4a5c9f2f4f632e09dd37ec9ebfd722ac",
    "https://deno.land/std@0.162.0/path/posix.ts": "6b63de7097e68c8663c84ccedc0fd977656eb134432d818ecd3a4e122638ac24",
    "https://deno.land/std@0.162.0/path/separator.ts": "fe1816cb765a8068afb3e8f13ad272351c85cbc739af56dacfc7d93d710fe0f9",
    "https://deno.land/std@0.162.0/path/win32.ts": "ee8826dce087d31c5c81cd414714e677eb68febc40308de87a2ce4b40e10fb8d",
    "https://deno.land/std@0.162.0/streams/buffer.ts": "357d725e1c13ee48af5e5da50ef8811ac8b12926d477ec0e3b40fed6d8d83dd2",
    "https://deno.land/std@0.162.0/streams/conversion.ts": "555c6c249f3acf85655f2d0af52d1cb3168e40b1c1fa26beefea501b333abe28",
    "https://deno.land/std@0.162.0/streams/delimiter.ts": "e18febbded53df275a897fac9249a6d0a6a5efc943256ad0f6cb23bf4d757668",
    "https://deno.land/std@0.162.0/streams/merge.ts": "88ed3dfa030ae076802688e4cadd762a251a41d81ed1776dfd9a2a9a0e970195",
    "https://deno.land/std@0.162.0/streams/mod.ts": "f402791689d74bd091ecf8f4015bc5b7d5c18132a55c7c72fe0576d1fb254cf9",
    "https://deno.land/std@0.162.0/testing/_diff.ts": "a23e7fc2b4d8daa3e158fa06856bedf5334ce2a2831e8bf9e509717f455adb2c",
    "https://deno.land/std@0.162.0/testing/_format.ts": "cd11136e1797791045e639e9f0f4640d5b4166148796cad37e6ef75f7d7f3832",
    "https://deno.land/std@0.162.0/testing/_test_suite.ts": "2d07073d5460a4e3ec50c55ae822cd9bd136926d7363091379947fef9c73c3e4",
    "https://deno.land/std@0.162.0/testing/asserts.ts": "1e340c589853e82e0807629ba31a43c84ebdcdeca910c4a9705715dfdb0f5ce8",
    "https://deno.land/std@0.162.0/testing/bdd.ts": "35060cefd9cc21b414f4d89453b3551a3d52ec50aeff25db432503c5485b2f72",
    "https://deno.land/std@0.162.0/testing/snapshot.ts": "33fdde49f8797742a96d95553bd5282bbcf1b76c5494c7513a2958cc18423db1",
    "https://deno.land/std@0.167.0/_util/asserts.ts": "d0844e9b62510f89ce1f9878b046f6a57bf88f208a10304aab50efcb48365272",
    "https://deno.land/std@0.167.0/_util/os.ts": "8a33345f74990e627b9dfe2de9b040004b08ea5146c7c9e8fe9a29070d193934",
    "https://deno.land/std@0.167.0/async/deferred.ts": "77d3f84255c3627f1cc88699d8472b664d7635990d5358c4351623e098e917d6",
    "https://deno.land/std@0.167.0/bytes/bytes_list.ts": "aba5e2369e77d426b10af1de0dcc4531acecec27f9b9056f4f7bfbf8ac147ab4",
    "https://deno.land/std@0.167.0/bytes/concat.ts": "97a1274e117510ffffc9499c4debb9541e408732bab2e0ca624869ae13103c10",
    "https://deno.land/std@0.167.0/bytes/copy.ts": "d14a58f188a997ee0d2ba696d0c82a42f4fb4b6705e90a4238b77d7644dae24c",
    "https://deno.land/std@0.167.0/crypto/_fnv/fnv32.ts": "aa9bddead8c6345087d3abd4ef35fb9655622afc333fc41fff382b36e64280b5",
    "https://deno.land/std@0.167.0/crypto/_fnv/fnv64.ts": "625d7e7505b6cb2e9801b5fd6ed0a89256bac12b2bbb3e4664b85a88b0ec5bef",
    "https://deno.land/std@0.167.0/crypto/_fnv/index.ts": "a8f6a361b4c6d54e5e89c16098f99b6962a1dd6ad1307dbc97fa1ecac5d7060a",
    "https://deno.land/std@0.167.0/crypto/_fnv/util.ts": "4848313bed7f00f55be3cb080aa0583fc007812ba965b03e4009665bde614ce3",
    "https://deno.land/std@0.167.0/crypto/_wasm/lib/deno_std_wasm_crypto.generated.mjs": "71c1ac20f32fdbdc9b31a14917779c7fa392dbc8b050059cbb2c35b400b975b1",
    "https://deno.land/std@0.167.0/crypto/_wasm/mod.ts": "b49ec171049bbbaaed3c5a5a71dfcb3d09f880607c8d9c517638d0443bd0f874",
    "https://deno.land/std@0.167.0/crypto/keystack.ts": "ee8ee58ca876f619cef56f40127405f77f9738f50a459b6ba44234b3a2cb6cc8",
    "https://deno.land/std@0.167.0/crypto/mod.ts": "f953406904aa4257a6c76c40eb74b47d8dad83af8a77f33a4639cbac6d311baf",
    "https://deno.land/std@0.167.0/crypto/timing_safe_equal.ts": "3784958e40a5fe10429a68b75cc5f8d34356bf0bc2eb93c80c3033e2a6f17821",
    "https://deno.land/std@0.167.0/crypto/util.ts": "93fc9dbaa62421538ad60ee65337cbf1d8a0298fac3c4f70b37e5627e7e129eb",
    "https://deno.land/std@0.167.0/encoding/base64.ts": "8605e018e49211efc767686f6f687827d7f5fd5217163e981d8d693105640d7a",
    "https://deno.land/std@0.167.0/encoding/base64url.ts": "0283b12fcd306c11e3cf26fc022fecc800c6acc19704ea8bdb3908898fcd06d6",
    "https://deno.land/std@0.167.0/encoding/hex.ts": "b51e99b684486a3ad2406807a8be953f5ef8bac95af202774a759f9fcf0d87a6",
    "https://deno.land/std@0.167.0/flags/mod.ts": "4f50ec6383c02684db35de38b3ffb2cd5b9fcfcc0b1147055d1980c49e82521c",
    "https://deno.land/std@0.167.0/fmt/colors.ts": "03ad95e543d2808bc43c17a3dd29d25b43d0f16287fe562a0be89bf632454a12",
    "https://deno.land/std@0.167.0/fs/_util.ts": "fdc156f897197f261a1c096dcf8ff9267ed0ff42bd5b31f55053a4763a4bae3b",
    "https://deno.land/std@0.167.0/fs/copy.ts": "c6303e52f544c81271c929931f5b59c9cfa4f81930719d2d3f777188c38aac9f",
    "https://deno.land/std@0.167.0/fs/empty_dir.ts": "453d6232ff109f2afb5e57ec14c3228e399205c1b408d85536aed7230290c414",
    "https://deno.land/std@0.167.0/fs/ensure_dir.ts": "5e9e3d7da7fc5b5e391e6d9ccead17086d76e82fb46ccc7cc9b9ee3491bab6e0",
    "https://deno.land/std@0.167.0/fs/ensure_file.ts": "76ef3a8ebef60d8da1fc4316fcb8e20c1b6f52b1baed3a9692ad3b0d1a9a1b03",
    "https://deno.land/std@0.167.0/fs/ensure_link.ts": "adc8919063e26819f5971a0010fedc1bfd71d6350a24db1a36dff432bc35c7d7",
    "https://deno.land/std@0.167.0/fs/ensure_symlink.ts": "5273557b8c50be69477aa9cb003b54ff2240a336db52a40851c97abce76b96ab",
    "https://deno.land/std@0.167.0/fs/eol.ts": "6e784ff8120c8d5589cb258e56dc39bc5b408ac9827a2e914163cbf9f2e3ce92",
    "https://deno.land/std@0.167.0/fs/exists.ts": "6a447912e49eb79cc640adacfbf4b0baf8e17ede6d5bed057062ce33c4fa0d68",
    "https://deno.land/std@0.167.0/fs/expand_glob.ts": "3a92ee4921d2b063b8dfefd1d87c35bf81126f0f1cb16e5a0f4e9ecb88ec6fe3",
    "https://deno.land/std@0.167.0/fs/mod.ts": "79c209c6e66903b3426f9245a4f216380a0ed47ffe9d253f5a61a0bc9ad1f314",
    "https://deno.land/std@0.167.0/fs/move.ts": "02ab1fc9b744da8b496f406e9fc77b0bf7960b6faaa7ec9f5fb0a129e5bef215",
    "https://deno.land/std@0.167.0/fs/walk.ts": "677eac2e5386217a7a4e7526769ae28b41ff4ae7a3cd0389f3aa4eb662545edd",
    "https://deno.land/std@0.167.0/io/buffer.ts": "9d6f555ded12960bd5a44f57291a82270cca0a77bde6cadd1384a03a86bf876a",
    "https://deno.land/std@0.167.0/io/types.d.ts": "790d3a3fa6b7f298d4cfbcf8bfd9d4be595c1b1acaa3eebb3009177df98bf93c",
    "https://deno.land/std@0.167.0/path/_constants.ts": "df1db3ffa6dd6d1252cc9617e5d72165cd2483df90e93833e13580687b6083c3",
    "https://deno.land/std@0.167.0/path/_interface.ts": "ee3b431a336b80cf445441109d089b70d87d5e248f4f90ff906820889ecf8d09",
    "https://deno.land/std@0.167.0/path/_util.ts": "d16be2a16e1204b65f9d0dfc54a9bc472cafe5f4a190b3c8471ec2016ccd1677",
    "https://deno.land/std@0.167.0/path/common.ts": "bee563630abd2d97f99d83c96c2fa0cca7cee103e8cb4e7699ec4d5db7bd2633",
    "https://deno.land/std@0.167.0/path/glob.ts": "81cc6c72be002cd546c7a22d1f263f82f63f37fe0035d9726aa96fc8f6e4afa1",
    "https://deno.land/std@0.167.0/path/mod.ts": "cf7cec7ac11b7048bb66af8ae03513e66595c279c65cfa12bfc07d9599608b78",
    "https://deno.land/std@0.167.0/path/posix.ts": "b859684bc4d80edfd4cad0a82371b50c716330bed51143d6dcdbe59e6278b30c",
    "https://deno.land/std@0.167.0/path/separator.ts": "fe1816cb765a8068afb3e8f13ad272351c85cbc739af56dacfc7d93d710fe0f9",
    "https://deno.land/std@0.167.0/path/win32.ts": "7cebd2bda6657371adc00061a1d23fdd87bcdf64b4843bb148b0b24c11b40f69",
    "https://deno.land/std@0.167.0/streams/_common.ts": "a931bdab61de705bbfeda25d7bcf8e6edbba37492f90737b3c2889604313df46",
    "https://deno.land/std@0.167.0/streams/buffer.ts": "53823f5a5b417998c568ea2f4060c5eb5c368e7c0147c79b343f5e18840d465a",
    "https://deno.land/std@0.167.0/streams/byte_slice_stream.ts": "65141918827f4063e052d9937fd472fedfa1a381cdccd674065839506016b2e3",
    "https://deno.land/std@0.167.0/streams/conversion.ts": "2d2127a08be7ba28ef26c6ff1b2fec442109e5aac09c79cbe36fb0883d51645f",
    "https://deno.land/std@0.167.0/streams/copy.ts": "9a972a4befee3306095e9bb058a5a4d73b681df6ca088d7209f9a0736271aadc",
    "https://deno.land/std@0.167.0/streams/delimiter.ts": "f40b10fce22253ac4cbdc31c7263a583aeb2a96336e2f5a2d3a20102e996f831",
    "https://deno.land/std@0.167.0/streams/delimiter_stream.ts": "dfc73a5324f15a53ea654fcc8b47c321f3bef6ec4499be44902f0aed5b1eed1e",
    "https://deno.land/std@0.167.0/streams/early_zip_readable_streams.ts": "1a4e1b8b9018638e2c0fefd4d0bce3bcffa7d1673630c9c817eba0cdde794a50",
    "https://deno.land/std@0.167.0/streams/iterate_reader.ts": "26adde791b4206a8abbbd6365a8845b88aef396c1fd642066ec8e8480675e6a1",
    "https://deno.land/std@0.167.0/streams/limited_bytes_transform_stream.ts": "3b7327a39d7f2c4799c94e853f3bfe43d9434edc2074a33fec8800252052576f",
    "https://deno.land/std@0.167.0/streams/limited_transform_stream.ts": "abb275b2d52d8817edacc63e966ca9dd14eaa956b231d217c28ffd327e097c7e",
    "https://deno.land/std@0.167.0/streams/merge.ts": "52ba365c4e2d5c9c7eaf0bb2afb14c8f9fc63b106eba94306154fb89dceb1aa6",
    "https://deno.land/std@0.167.0/streams/merge_readable_streams.ts": "afa207eaa42a4b7299405b0e40b4dd023bc557be07219ba5e91b9492aa54096d",
    "https://deno.land/std@0.167.0/streams/mod.ts": "8c435c78bef0bf890ab01d66a02e378ef34835dc2526dde56bd34d2f5625750d",
    "https://deno.land/std@0.167.0/streams/read_all.ts": "52c733b63ca52af7d78326228529d7d629d5b3bb7c34c0a0261b5a6ecc209e73",
    "https://deno.land/std@0.167.0/streams/readable_stream_from_iterable.ts": "eaa03bf3b7fbffa665d3d9c30435dcce3437c67559f97eaccc58995d3efcf8cd",
    "https://deno.land/std@0.167.0/streams/readable_stream_from_reader.ts": "fa1e01839d214826a1547f108f2858d9f97b267ccf2523bf08c6db3e07ae3124",
    "https://deno.land/std@0.167.0/streams/reader_from_iterable.ts": "91ebe9cfed2422b7193e222e3479d31f7906171df4f94e0d8df35877b9d15e69",
    "https://deno.land/std@0.167.0/streams/reader_from_stream_reader.ts": "88043a2b2932443e1b5133264283ded6872bec0604d4e69235ebf73e5e9ddde3",
    "https://deno.land/std@0.167.0/streams/text_delimiter_stream.ts": "03150e093373222c51cb94b8518fb4f789990a5ffdee767a3952a599fe56226f",
    "https://deno.land/std@0.167.0/streams/text_line_stream.ts": "9c402985714fe454dad6b59df8a6de7bf13fcb7ae027f35226b0b76d90a1dc60",
    "https://deno.land/std@0.167.0/streams/to_transform_stream.ts": "f3fea34e2d338d9022079d2e756a834b4c233758ad2bcdb43ace326b06c8d36c",
    "https://deno.land/std@0.167.0/streams/writable_stream_from_writer.ts": "ae8daf9f524c449485235900746d195c4d845bb452aed679e67288a9b6848f3b",
    "https://deno.land/std@0.167.0/streams/write_all.ts": "7525aa90e34a2bb56d094403ad9c0e31e7db87a47cb556e6dc0404e6deca084c",
    "https://deno.land/std@0.167.0/streams/writer_from_stream_writer.ts": "eee7964dc30acc74a02fc52f98f3a4fd46d1382d7897859b21eeebbd0a754ec6",
    "https://deno.land/std@0.167.0/streams/zip_readable_streams.ts": "17d5e6625a60ae4268dfd1ddb9aefa3c7f048ed854d4c20d4c05b646dc0e006b",
    "https://deno.land/std@0.167.0/testing/_diff.ts": "a23e7fc2b4d8daa3e158fa06856bedf5334ce2a2831e8bf9e509717f455adb2c",
    "https://deno.land/std@0.167.0/testing/_format.ts": "cd11136e1797791045e639e9f0f4640d5b4166148796cad37e6ef75f7d7f3832",
    "https://deno.land/std@0.167.0/testing/_test_suite.ts": "2d07073d5460a4e3ec50c55ae822cd9bd136926d7363091379947fef9c73c3e4",
    "https://deno.land/std@0.167.0/testing/asserts.ts": "51353e79437361d4b02d8e32f3fc83b22231bc8f8d4c841d86fd32b0b0afe940",
    "https://deno.land/std@0.167.0/testing/bdd.ts": "9c2cd8473968e14fa8fe29f261c607aac0350ab5a63bc4f5650b8d1554372c5f",
    "https://deno.land/std@0.167.0/testing/snapshot.ts": "721480723b386ce4c4082de51892ecbdf6a900ef5d8878f78d15938165b251f4",
    "https://deno.land/std@0.97.0/_util/assert.ts": "2f868145a042a11d5ad0a3c748dcf580add8a0dbc0e876eaa0026303a5488f58",
    "https://deno.land/std@0.97.0/_util/os.ts": "e282950a0eaa96760c0cf11e7463e66babd15ec9157d4c9ed49cc0925686f6a7",
    "https://deno.land/std@0.97.0/encoding/base64.ts": "eecae390f1f1d1cae6f6c6d732ede5276bf4b9cd29b1d281678c054dc5cc009e",
    "https://deno.land/std@0.97.0/encoding/hex.ts": "f952e0727bddb3b2fd2e6889d104eacbd62e92091f540ebd6459317a61932d9b",
    "https://deno.land/std@0.97.0/fs/_util.ts": "f2ce811350236ea8c28450ed822a5f42a0892316515b1cd61321dec13569c56b",
    "https://deno.land/std@0.97.0/fs/ensure_dir.ts": "b7c103dc41a3d1dbbb522bf183c519c37065fdc234831a4a0f7d671b1ed5fea7",
    "https://deno.land/std@0.97.0/fs/exists.ts": "b0d2e31654819cc2a8d37df45d6b14686c0cc1d802e9ff09e902a63e98b85a00",
    "https://deno.land/std@0.97.0/hash/_wasm/hash.ts": "cb6ad1ab429f8ac9d6eae48f3286e08236d662e1a2e5cfd681ba1c0f17375895",
    "https://deno.land/std@0.97.0/hash/_wasm/wasm.js": "94b1b997ae6fb4e6d2156bcea8f79cfcd1e512a91252b08800a92071e5e84e1a",
    "https://deno.land/std@0.97.0/hash/hasher.ts": "57a9ec05dd48a9eceed319ac53463d9873490feea3832d58679df6eec51c176b",
    "https://deno.land/std@0.97.0/hash/mod.ts": "5d032bd34186cda2f8d17fc122d621430953a6030d4b3f11172004715e3e2441",
    "https://deno.land/std@0.97.0/path/_constants.ts": "1247fee4a79b70c89f23499691ef169b41b6ccf01887a0abd131009c5581b853",
    "https://deno.land/std@0.97.0/path/_interface.ts": "1fa73b02aaa24867e481a48492b44f2598cd9dfa513c7b34001437007d3642e4",
    "https://deno.land/std@0.97.0/path/_util.ts": "2e06a3b9e79beaf62687196bd4b60a4c391d862cfa007a20fc3a39f778ba073b",
    "https://deno.land/std@0.97.0/path/common.ts": "eaf03d08b569e8a87e674e4e265e099f237472b6fd135b3cbeae5827035ea14a",
    "https://deno.land/std@0.97.0/path/glob.ts": "314ad9ff263b895795208cdd4d5e35a44618ca3c6dd155e226fb15d065008652",
    "https://deno.land/std@0.97.0/path/mod.ts": "4465dc494f271b02569edbb4a18d727063b5dbd6ed84283ff906260970a15d12",
    "https://deno.land/std@0.97.0/path/posix.ts": "f56c3c99feb47f30a40ce9d252ef6f00296fa7c0fcb6dd81211bdb3b8b99ca3b",
    "https://deno.land/std@0.97.0/path/separator.ts": "8fdcf289b1b76fd726a508f57d3370ca029ae6976fcde5044007f062e643ff1c",
    "https://deno.land/std@0.97.0/path/win32.ts": "77f7b3604e0de40f3a7c698e8a79e7f601dc187035a1c21cb1e596666ce112f8",
    "https://deno.land/x/cache@0.2.13/cache.ts": "4005aad54fb9aac9ff02526ffa798032e57f2d7966905fdeb7949263b1c95f2f",
    "https://deno.land/x/cache@0.2.13/deps.ts": "6f14e76a1a09f329e3f3830c6e72bd10b53a89a75769d5ea886e5d8603e503e6",
    "https://deno.land/x/cache@0.2.13/directories.ts": "ef48531cab3f827252e248596d15cede0de179a2fb15392ae24cf8034519994f",
    "https://deno.land/x/cache@0.2.13/file.ts": "5abe7d80c6ac594c98e66eb4262962139f48cd9c49dbe2a77e9608760508a09a",
    "https://deno.land/x/cache@0.2.13/file_fetcher.ts": "5c793cc83a5b9377679ec313b2a2321e51bf7ed15380fa82d387f1cdef3b924f",
    "https://deno.land/x/cache@0.2.13/helpers.ts": "d1545d6432277b7a0b5ea254d1c51d572b6452a8eadd9faa7ad9c5586a1725c4",
    "https://deno.land/x/cache@0.2.13/mod.ts": "3188250d3a013ef6c9eb060e5284cf729083af7944a29e60bb3d8597dd20ebcd",
    "https://deno.land/x/denoflate@1.2.1/mod.ts": "f5628e44b80b3d80ed525afa2ba0f12408e3849db817d47a883b801f9ce69dd6",
    "https://deno.land/x/denoflate@1.2.1/pkg/denoflate.js": "b9f9ad9457d3f12f28b1fb35c555f57443427f74decb403113d67364e4f2caf4",
    "https://deno.land/x/denoflate@1.2.1/pkg/denoflate_bg.wasm.js": "d581956245407a2115a3d7e8d85a9641c032940a8e810acbd59ca86afd34d44d",
    "https://deno.land/x/esbuild@v0.15.13/mod.d.ts": "12e96a8d05c8e2c5638aa9cb09f24222134d437abb2f3f52de0156adb2270719",
    "https://deno.land/x/esbuild@v0.15.13/mod.js": "b826d8a942518a33da4a136aed2b749c6ad566f8aa2c51e5736392f2e34b9354",
    "https://deno.land/x/esbuild@v0.15.17/mod.d.ts": "30f2dc94c3e143ae1c9a37b06208a0ac98f0bc9f56d21397acf1fd88827989ab",
    "https://deno.land/x/esbuild@v0.15.17/mod.js": "3f29bcc602630f2e409da6f00cde8de10e36af9ba6b1b758768eabd6fb703f6e",
    "https://deno.land/x/esbuild@v0.15.18/mod.d.ts": "30f2dc94c3e143ae1c9a37b06208a0ac98f0bc9f56d21397acf1fd88827989ab",
    "https://deno.land/x/esbuild@v0.15.18/mod.js": "c67f3df40fdc326e6c68a9d4a527ea83bc32bfb13e087f22aafd9de32336d143",
    "https://deno.land/x/nanoid@v3.0.0/nanoid.ts": "8d119bc89a0f34e7bbe0c2dbdc280d01753e431af553d189663492310a31085d",
    "https://deno.land/x/nanoid@v3.0.0/random.ts": "4da71d5f72f2bfcc6a4ee79b5d4e72f48dcf4fe4c3835fd5ebab08b9f33cd598",
    "https://deno.land/x/nanoid@v3.0.0/urlAlphabet.ts": "8b1511deb1ecb23c66202b6000dc10fb68f9a96b5550c6c8cef5009324793431",
    "https://deno.land/x/postcss@8.4.16/lib/at-rule.d.ts": "0c4836e0886871d7e0ac1c266e0bee240efd6073b05eb81ed141d82e4c583dd1",
    "https://deno.land/x/postcss@8.4.16/lib/at-rule.js": "1ca2a26f0feb3889acfdb98477eb8d4fef4e5d141d0571312358376dc3c6ec2c",
    "https://deno.land/x/postcss@8.4.16/lib/comment.d.ts": "952be03f802043fcce855b747dcc49de0d74af14ce74f91145761df5a5d7c9a3",
    "https://deno.land/x/postcss@8.4.16/lib/comment.js": "349973bdfc8d0aae3da1256d54e7e1fb003dfecbe1c09a2a50c9701d1dcd665b",
    "https://deno.land/x/postcss@8.4.16/lib/container.d.ts": "c614c35708c3fe4470bbc4414e7639cdbb34e3bbf39fa52d3e46e31d48287648",
    "https://deno.land/x/postcss@8.4.16/lib/container.js": "0e063ca4fa5bc493c4aa1be290ea4ee25503b98280c52480cc6b4379b8f1e709",
    "https://deno.land/x/postcss@8.4.16/lib/css-syntax-error.d.ts": "59e3bcac3a4a9fc241283f96f6e12eabded4a1898292796aa846e4ee35510982",
    "https://deno.land/x/postcss@8.4.16/lib/css-syntax-error.js": "5572fbde8f3300996e3a9847ffc1a4beb566671198fe65eb94e2f556b45f048f",
    "https://deno.land/x/postcss@8.4.16/lib/declaration.d.ts": "3f8c5b45c70f219cd1d4dc343183c96e9050674d061a8b1040a50f68f7241658",
    "https://deno.land/x/postcss@8.4.16/lib/declaration.js": "d74d7f3cdff45ea71044d53f3cc3df57335ba3ccaf1c92957898244da7193387",
    "https://deno.land/x/postcss@8.4.16/lib/deps.js": "8e20b9a064f86d37f138f2646cddc9071614df4084531d66bf932605944921c3",
    "https://deno.land/x/postcss@8.4.16/lib/document.d.ts": "e3827bf20919433ca9a917de1d5f7d1f97f828574b4a6497477fbbdd9012c188",
    "https://deno.land/x/postcss@8.4.16/lib/document.js": "040ba2a6320829bae7c901c4fa413a27b1344c9b19fd9c457692439660111664",
    "https://deno.land/x/postcss@8.4.16/lib/fromJSON.d.ts": "9813f6b4a45deaa86ce903bbf2d511fd96253b349e7604b6804d9506742cb67c",
    "https://deno.land/x/postcss@8.4.16/lib/fromJSON.js": "8eca2aa3fc81439dde94bda790028fbdd8f02897704c06bd0b57ddc479a67eca",
    "https://deno.land/x/postcss@8.4.16/lib/input.d.ts": "39a885f9a25b63a659145c8ef7903e2e1f2902b8598c09cdd6a9da5622f4294e",
    "https://deno.land/x/postcss@8.4.16/lib/input.js": "67f0dea431191138909dc9c44aaef539fa3019905dbcbaf918ec093bb566a325",
    "https://deno.land/x/postcss@8.4.16/lib/lazy-result.d.ts": "aa0c61cce2b4e053d032304037c49471369b305f1d932e0220d8d2aaaf03f6ba",
    "https://deno.land/x/postcss@8.4.16/lib/lazy-result.js": "8da20efbb934d01597e560700639bcffb15529ed427ae67956047b76607a3da6",
    "https://deno.land/x/postcss@8.4.16/lib/list.d.ts": "93dab503c0bedfd39477d73cd28ca96a6f1cc780355b3670b82c8f63d16c3f74",
    "https://deno.land/x/postcss@8.4.16/lib/list.js": "7b0bfbc4872f293235809535a123fd2db2063f9b4ccc0c61bc5d1a9983bfc33d",
    "https://deno.land/x/postcss@8.4.16/lib/map-generator.js": "7659aeb45b60d0ecbf1d0961b402498ca18ea6f27b00afc04fdabcd3b8d4276f",
    "https://deno.land/x/postcss@8.4.16/lib/no-work-result.d.ts": "08e74c5921c710b5b5891e8b702235daa39c079b13a63f0b18ecbe6468387524",
    "https://deno.land/x/postcss@8.4.16/lib/no-work-result.js": "cebf56f72cd1ba1368ad0cdc5032a2d1fffcfe7feade5379291752489fb10b5b",
    "https://deno.land/x/postcss@8.4.16/lib/node.d.ts": "7c282106736ad6bbb3aef1534dd3a81381f01312e847b9943ab526e3d7a0bfa0",
    "https://deno.land/x/postcss@8.4.16/lib/node.js": "34068358ebc72ac973840044ffa1734475d27cb4e05ebcd2c159a3faef2fd689",
    "https://deno.land/x/postcss@8.4.16/lib/parse.d.ts": "1b491c100302d63a30de5c14d4ef0db05bd51b1aef9b8607e564288d8941e87c",
    "https://deno.land/x/postcss@8.4.16/lib/parse.js": "1b04216ca19b88b92e73b04432440f6095a563fee877baae952546a3d3c38651",
    "https://deno.land/x/postcss@8.4.16/lib/parser.js": "bba103c7cf98c5cb73c367a0d49e8e31eb47cb29c6935e4617b7a036f8712812",
    "https://deno.land/x/postcss@8.4.16/lib/postcss.d.ts": "10ce9d85322db34cf4c4853f863c3b34a22a2af328e7f8ac5b7c584efcb9b9d5",
    "https://deno.land/x/postcss@8.4.16/lib/postcss.js": "1f0caa2e7b80c52829181cbb913260782a2d729121f3ae17f0f5dff659fa508d",
    "https://deno.land/x/postcss@8.4.16/lib/previous-map.js": "e41d9eef67f82c48aa25179003c90ad8daa0928845fc916d86cdbe79906bc62f",
    "https://deno.land/x/postcss@8.4.16/lib/processor.d.ts": "cadec4243dff41898b1435a3d857652752bc6801ab058b485174e6677050973a",
    "https://deno.land/x/postcss@8.4.16/lib/processor.js": "fa0bf6f764b2e933e18987300fb332b4e15c70a8fae97bbcc5b4e706e2997c93",
    "https://deno.land/x/postcss@8.4.16/lib/result.d.ts": "aef887486ce3e6dbc41b1c9da86e54c47952cadd5c3aed724440f10035a1c92b",
    "https://deno.land/x/postcss@8.4.16/lib/result.js": "53a68cf79a9b57a286358854a3e402493e5136104f9e8a075400ce0b62ab7be3",
    "https://deno.land/x/postcss@8.4.16/lib/root.d.ts": "5e74b0d2fbd88daec83ef567d9d70ea57f24c2fcaf4ed038856fe2c0aabc508e",
    "https://deno.land/x/postcss@8.4.16/lib/root.js": "cf1f18916c94fd446f40643d4ef62102e0b9e1ee20716d027645068f7264220a",
    "https://deno.land/x/postcss@8.4.16/lib/rule.d.ts": "9d63856e557a04e612c777cfeb2e054d5ae41cdee0dd94e39431bfab45140ea6",
    "https://deno.land/x/postcss@8.4.16/lib/rule.js": "b8415d2af6a7ed90032d7b64be71194ce45e37e84214f4b327e7aebd80a055f5",
    "https://deno.land/x/postcss@8.4.16/lib/source_map.ts": "c645fef79e9ecec8127f679794d6377199245a5000196899db7414f2ba16702e",
    "https://deno.land/x/postcss@8.4.16/lib/stringifier.d.ts": "6d2daf2fe461892f29b6a2ec00ecd7bbce244383afa61176fe2f30aed5db9273",
    "https://deno.land/x/postcss@8.4.16/lib/stringifier.js": "b641619d5d3cd05218c84c630a6866dae346a461499772598b90890a5239f15e",
    "https://deno.land/x/postcss@8.4.16/lib/stringify.d.ts": "ee34188d9d77f0b1e5171438d2c45b82e292e9244b7883be5db7f34823415557",
    "https://deno.land/x/postcss@8.4.16/lib/stringify.js": "704ca56e8b5982885c62c0299b95c56476d84d4099e9236a61f851ce742a689f",
    "https://deno.land/x/postcss@8.4.16/lib/symbols.js": "97c177b55f6b88f6cabc0c2442e3f2a816b8e6b68d851789a53e1218f1a3cf10",
    "https://deno.land/x/postcss@8.4.16/lib/terminal-highlight.js": "fd42d88fd9ba79f758deb48901d0498676dfd95fe869e40a963773518a837783",
    "https://deno.land/x/postcss@8.4.16/lib/tokenize.js": "1594cee92e1741341c49a00d17577d3d63ec87acfef9214562c151388fcd4c8d",
    "https://deno.land/x/postcss@8.4.16/lib/warn-once.js": "9218bd5ac65a1cec4baace385830555d8a7bfaba20dcae6da0f0d75f81ac89c1",
    "https://deno.land/x/postcss@8.4.16/lib/warning.d.ts": "2300da28461b1d5e539f796c320cd2e80965dcc1ebbd919b4ac11fb12967e8a9",
    "https://deno.land/x/postcss@8.4.16/lib/warning.js": "a51223bf1cf2da3126dbc5c93d74a6b32844495d0da9d92c1fc38863aec2cb3d",
    "https://deno.land/x/postcss@8.4.16/mod.js": "131f9d70e2327d445cecb4b51d702857e515d2f34eb957c7eefe7542452d678f",
    "https://deno.land/x/source_map@0.6.2/lib/array-set.js": "7283ef86b0f3bf004fa8e013a94dfea0aec9108d492643d81ff9a70d1719c468",
    "https://deno.land/x/source_map@0.6.2/lib/base64-vlq.js": "63b317643095f62f8998d75dec66560a485a505eb3a9a3bfd5d0f53506844303",
    "https://deno.land/x/source_map@0.6.2/lib/base64.js": "58a37dc884c78cffff2173021b942a9d9b031a7f7c212b550a0c8b02915f840d",
    "https://deno.land/x/source_map@0.6.2/lib/binary-search.js": "3094b75caaca7ad0459edd2a77c4a3670d7d468ea5cd53b8cb8277be882cd441",
    "https://deno.land/x/source_map@0.6.2/lib/mapping-list.js": "ceaee80be9edcff40ccceb7ca742427aada2ad89897e43f0d02fa570e23aa56a",
    "https://deno.land/x/source_map@0.6.2/lib/quick-sort.js": "7086dd17429f5afa6a4474219f21bc900489da8f5981d250377e6b1278878bac",
    "https://deno.land/x/source_map@0.6.2/lib/source-map-consumer.js": "2a2061d996d12089c75c985dd7d797c4b9488c08858c858d849910182214726b",
    "https://deno.land/x/source_map@0.6.2/lib/source-map-generator.js": "353d1e61ef46f93945caf202e90f6b11a31de41be4cebf0aaed11a8ce8dd1f32",
    "https://deno.land/x/source_map@0.6.2/lib/source-node.js": "e3fa5e9fb604b770ad803a04a79a03b917356dcfb4de671e6b9466276608edca",
    "https://deno.land/x/source_map@0.6.2/lib/util.js": "8095afcc2f330d40637849308441c5d64c45b24aa8dc985a148b665099b3004e",
    "https://deno.land/x/source_map@0.6.2/mod.js": "5fb2a8af1c6ab0f17ab4033db8b412402d28d661344747beba19387addab2b32",
    "https://deno.land/x/source_map@0.6.2/source-map.d.ts": "a26a9e0cb2ef55412e491af9e25645d4896e2f11f4897f9006e7f25612a51be2"
  }
}
