lockfileVersion: 5.4

specifiers:
  is-ip: ^5.0.0

dependencies:
  is-ip: 5.0.0

packages:

  /clone-regexp/3.0.0:
    resolution: {integrity: sha512-ujdnoq2Kxb8s3ItNBtnYeXdm07FcU0u8ARAT1lQ2YdMwQC+cdiXX8KoqMVuglztILivceTtp4ivqGSmEmhBUJw==}
    engines: {node: '>=12'}
    dependencies:
      is-regexp: 3.1.0
    dev: false

  /convert-hrtime/5.0.0:
    resolution: {integrity: sha512-lOETlkIeYSJWcbbcvjRKGxVMXJR+8+OQb/mTPbA4ObPMytYIsUbuOE0Jzy60hjARYszq1id0j8KgVhC+WGZVTg==}
    engines: {node: '>=12'}
    dev: false

  /function-timeout/0.1.1:
    resolution: {integrity: sha512-0NVVC0TaP7dSTvn1yMiy6d6Q8gifzbvQafO46RtLG/kHJUBNd+pVRGOBoK44wNBvtSPUJRfdVvkFdD3p0xvyZg==}
    engines: {node: '>=14.16'}
    dev: false

  /ip-regex/5.0.0:
    resolution: {integrity: sha512-fOCG6lhoKKakwv+C6KdsOnGvgXnmgfmp0myi3bcNwj3qfwPAxRKWEuFhvEFF7ceYIz6+1jRZ+yguLFAmUNPEfw==}
    engines: {node: ^12.20.0 || ^14.13.1 || >=16.0.0}
    dev: false

  /is-ip/5.0.0:
    resolution: {integrity: sha512-uhmKwcdWJ1nTmBdoBxdHilfJs4qdLBIvVHKRels2+UCZmfcfefuQWziadaYLpN7t/bUrJOjJHv+R1di1q7Q1HQ==}
    engines: {node: '>=14.16'}
    dependencies:
      ip-regex: 5.0.0
      super-regex: 0.2.0
    dev: false

  /is-regexp/3.1.0:
    resolution: {integrity: sha512-rbku49cWloU5bSMI+zaRaXdQHXnthP6DZ/vLnfdSKyL4zUzuWnomtOEiZZOd+ioQ+avFo/qau3KPTc7Fjy1uPA==}
    engines: {node: '>=12'}
    dev: false

  /super-regex/0.2.0:
    resolution: {integrity: sha512-WZzIx3rC1CvbMDloLsVw0lkZVKJWbrkJ0k1ghKFmcnPrW1+jWbgTkTEWVtD9lMdmI4jZEz40+naBxl1dCUhXXw==}
    engines: {node: '>=14.16'}
    dependencies:
      clone-regexp: 3.0.0
      function-timeout: 0.1.1
      time-span: 5.1.0
    dev: false

  /time-span/5.1.0:
    resolution: {integrity: sha512-75voc/9G4rDIJleOo4jPvN4/YC4GRZrY8yy1uU4lwrB3XEQbWve8zXoO5No4eFrGcTAMYyoY67p8jRQdtA1HbA==}
    engines: {node: '>=12'}
    dependencies:
      convert-hrtime: 5.0.0
    dev: false
