lockfileVersion: 5.4

specifiers:
  ibiza: ^1.3.1

dependencies:
  ibiza: 1.3.1

packages:

  /fast-equals/2.0.4:
    resolution: {integrity: sha512-caj/ZmjHljPrZtbzJ3kfH5ia/k4mTJe/qSiXAGzxZWRZgsgDV0cvNaQULqUX8t0/JVlzzEdYOwCN5DmzTxoD4w==}
    dev: false

  /ibiza/1.3.1:
    resolution: {integrity: sha512-IHwFipzexx1e+XfVV2cSxROsknvIzTKEorLpbp/YaaXGdC6SZSd2iZHKlKSMhV4fim2tE5N2sjjGfaCX6jJdJw==}
    peerDependencies:
      react: '>=16'
    dependencies:
      fast-equals: 2.0.4
      micro-memoize: 4.0.10
    dev: false

  /micro-memoize/4.0.10:
    resolution: {integrity: sha512-rk0OlvEQkShjbr2EvGn1+GdCsgLDgABQyM9ZV6VoHNU7hiNM+eSOkjGWhiNabU/XWiEalWbjNQrNO+zcqd+pEA==}
    dev: false
