lockfileVersion: '9.0'

settings:
  autoInstallPeers: true
  excludeLinksFromLockfile: false

importers:

  .:
    dependencies:
      '@rubygems/gem1':
        specifier: ^1.0.0
        version: 1.0.0
      internal-one-link:
        specifier: file:packages/one
        version: file:packages/one
      mypackage:
        specifier: link:packages/mypackage
        version: link:packages/mypackage
      react:
        specifier: ^18.3.1
        version: 18.3.1

packages:

  '@rubygems/gem1@1.0.0':
    resolution: {integrity: sha512-39YlTfB556sd9qVY4x3WuD51v4Br7D6i3tjqoBd7LTuJBJdaJdmxN5DHcUQGS239Kyhv8fJdnnRqYdoL6Xxgkg==, tarball: http://registry.proscenium.test:3001/tarballs/@rubygems/gem1/gem1-1.0.0.tgz}

  eventemitter3@5.0.1:
    resolution: {integrity: sha512-GWkBvjiSZK87ELrYOSESUYeVIc9mvLLf/nXalMOS5dYrgZq9o5OVkbZAVM06CVxYsCwH9BDZFPlQTlPA1j4ahA==}

  internal-one-link@file:packages/one:
    resolution: {directory: packages/one, type: directory}

  is-plain-obj@4.1.0:
    resolution: {integrity: sha512-+Pgi+vMuUNkJyExiMBt5IlFoMyKnr5zhJ4Uspz58WOhBF5QoIZkFyNHIbBAtHwzVAgk5RtndVNsDRN61/mmDqg==}
    engines: {node: '>=12'}

  js-tokens@4.0.0:
    resolution: {integrity: sha512-RdJUflcE3cUzKiMqQgsCu06FPu9UdIJO0beYbPhHN4k6apgJtifcoCtT9bcxOpYBtpD2kCM6Sbzg4CausW/PKQ==}

  loose-envify@1.4.0:
    resolution: {integrity: sha512-lyuxPGr/Wfhrlem2CL/UcnUc1zcqKAImBDzukY7Y5F/yQiNdko6+fRLevlw1HgMySw7f611UIY408EtxRSoK3Q==}
    hasBin: true

  p-queue@8.1.0:
    resolution: {integrity: sha512-mxLDbbGIBEXTJL0zEx8JIylaj3xQ7Z/7eEVjcF9fJX4DBiH9oqe+oahYnlKKxm0Ci9TlWTyhSHgygxMxjIB2jw==}
    engines: {node: '>=18'}

  p-timeout@6.1.4:
    resolution: {integrity: sha512-MyIV3ZA/PmyBN/ud8vV9XzwTrNtR4jFrObymZYnZqMmW0zA8Z17vnT0rBgFE/TlohB+YCHqXMgZzb3Csp49vqg==}
    engines: {node: '>=14.16'}

  react@18.3.1:
    resolution: {integrity: sha512-wS+hAgJShR0KhEvPJArfuPVN1+Hz1t0Y6n5jLrGQbkb4urgPE/0Rve+1kMB1v/oWgHgm4WIcV+i7F2pTVj+2iQ==}
    engines: {node: '>=0.10.0'}

snapshots:

  '@rubygems/gem1@1.0.0':
    dependencies:
      p-queue: 8.1.0

  eventemitter3@5.0.1: {}

  internal-one-link@file:packages/one:
    dependencies:
      is-plain-obj: 4.1.0

  is-plain-obj@4.1.0: {}

  js-tokens@4.0.0: {}

  loose-envify@1.4.0:
    dependencies:
      js-tokens: 4.0.0

  p-queue@8.1.0:
    dependencies:
      eventemitter3: 5.0.1
      p-timeout: 6.1.4

  p-timeout@6.1.4: {}

  react@18.3.1:
    dependencies:
      loose-envify: 1.4.0
